// !$*UTF8*$!
{
	archiveVersion = 1;
	classes = {
	};
	objectVersion = 54;
	objects = {

/* Begin PBXBuildFile section */
		00E356F31AD99517003FC87E /* Coffee_Shop_AppTests.m in Sources */ = {isa = PBXBuildFile; fileRef = 00E356F21AD99517003FC87E /* Coffee_Shop_AppTests.m */; };
		0C80B921A6F3F58F76C31292 /* libPods-Coffee_Shop_App.a in Frameworks */ = {isa = PBXBuildFile; fileRef = 5DCACB8F33CDC322A6C60F78 /* libPods-Coffee_Shop_App.a */; };
		13B07FBC1A68108700A75B9A /* AppDelegate.mm in Sources */ = {isa = PBXBuildFile; fileRef = 13B07FB01A68108700A75B9A /* AppDelegate.mm */; };
		13B07FBF1A68108700A75B9A /* Images.xcassets in Resources */ = {isa = PBXBuildFile; fileRef = 13B07FB51A68108700A75B9A /* Images.xcassets */; };
		13B07FC11A68108700A75B9A /* main.m in Sources */ = {isa = PBXBuildFile; fileRef = 13B07FB71A68108700A75B9A /* main.m */; };
		7699B88040F8A987B510C191 /* libPods-Coffee_Shop_App-Coffee_Shop_AppTests.a in Frameworks */ = {isa = PBXBuildFile; fileRef = 19F6CBCC0A4E27FBF8BF4A61 /* libPods-Coffee_Shop_App-Coffee_Shop_AppTests.a */; };
		81AB9BB82411601600AC10FF /* LaunchScreen.storyboard in Resources */ = {isa = PBXBuildFile; fileRef = 81AB9BB72411601600AC10FF /* LaunchScreen.storyboard */; };
		D911BAA0851A4CC585B2F077 /* app_icons.ttf in Resources */ = {isa = PBXBuildFile; fileRef = E740B027C57E40E1A7CABA23 /* app_icons.ttf */; };
		B917F400C997424DB5AD5BF0 /* Poppins-Black.ttf in Resources */ = {isa = PBXBuildFile; fileRef = 9C0EF669905945DB8BC916C0 /* Poppins-Black.ttf */; };
		C9639A2AB3EA4FF78D679B67 /* Poppins-Bold.ttf in Resources */ = {isa = PBXBuildFile; fileRef = F28E0B65C1464DF0A234C2C0 /* Poppins-Bold.ttf */; };
		B374842C489C48EBB667BE18 /* Poppins-ExtraBold.ttf in Resources */ = {isa = PBXBuildFile; fileRef = 83FCFD02C63E426CB1992A1E /* Poppins-ExtraBold.ttf */; };
		C276EA210ABB49F099FF2DA5 /* Poppins-ExtraLight.ttf in Resources */ = {isa = PBXBuildFile; fileRef = 483F51FEF45947668FAD2B72 /* Poppins-ExtraLight.ttf */; };
		6CED0636D239467389C99B15 /* Poppins-Light.ttf in Resources */ = {isa = PBXBuildFile; fileRef = ABC11A00BD75461C85FEF073 /* Poppins-Light.ttf */; };
		4A1CF6CE3A904A75BF84A7B1 /* Poppins-Medium.ttf in Resources */ = {isa = PBXBuildFile; fileRef = 68DB43CD52064174BFF875EE /* Poppins-Medium.ttf */; };
		287CF09603594EACA6F16A29 /* Poppins-Regular.ttf in Resources */ = {isa = PBXBuildFile; fileRef = 931EF90EF7B74AFE9796231A /* Poppins-Regular.ttf */; };
		84E7BCBE60084CCB95348EF1 /* Poppins-SemiBold.ttf in Resources */ = {isa = PBXBuildFile; fileRef = B21B05DF77D6436783973F50 /* Poppins-SemiBold.ttf */; };
		6C6973AF66B24831A3781385 /* Poppins-Thin.ttf in Resources */ = {isa = PBXBuildFile; fileRef = 075DA1B7D90540188F323931 /* Poppins-Thin.ttf */; };
		322E1860E3EA48B9BB5D2359 /* amazonpay.png in Resources */ = {isa = PBXBuildFile; fileRef = FF4E8E841F5D43ED961890FF /* amazonpay.png */; };
		66C43BC97496441AB3CC1583 /* applepay.png in Resources */ = {isa = PBXBuildFile; fileRef = 07403D5C2F264674A3B7FA9A /* applepay.png */; };
		EA0404DF772148D1969784C4 /* avatar.jpg in Resources */ = {isa = PBXBuildFile; fileRef = C134BBF6392B4B27A6519B88 /* avatar.jpg */; };
		F7B347E7620146CEA717F231 /* gpay.png in Resources */ = {isa = PBXBuildFile; fileRef = F656E0E7AB9D404A875E2EA7 /* gpay.png */; };
		C2F61C18B75649C5BA1BC5C7 /* index.ts in Resources */ = {isa = PBXBuildFile; fileRef = 4475B2B5978A45949B6DAB73 /* index.ts */; };
		E1D1C6794F8F40FAB605CA4B /* americano_pic_1_portrait.png in Resources */ = {isa = PBXBuildFile; fileRef = 618A602B3A2943BB951248AE /* americano_pic_1_portrait.png */; };
		E60698DB8A1C4877B439E916 /* americano_pic_2_portrait.png in Resources */ = {isa = PBXBuildFile; fileRef = 1C15D4973B1E4BAC819B18CB /* americano_pic_2_portrait.png */; };
		B1EDE2533D454A95A2002FD0 /* americano_pic_3_portrait.png in Resources */ = {isa = PBXBuildFile; fileRef = 423A9C9962B64C268CE635F2 /* americano_pic_3_portrait.png */; };
		2FECA193560F4440B704D8FF /* americano_pic_1_square.png in Resources */ = {isa = PBXBuildFile; fileRef = 73F5C701653F410985973D8D /* americano_pic_1_square.png */; };
		7396667A78484C0484A13DA1 /* americano_pic_2_square.png in Resources */ = {isa = PBXBuildFile; fileRef = 0D89BE8A35644B0592E3B2C2 /* americano_pic_2_square.png */; };
		E07F1D21FFE1474A9679EBC0 /* americano_pic_3_square.png in Resources */ = {isa = PBXBuildFile; fileRef = CA817B5D7F77438897E3DB45 /* americano_pic_3_square.png */; };
		B7D58C1AF1B045BDA26FE464 /* arabica_coffee_beans_portrait.png in Resources */ = {isa = PBXBuildFile; fileRef = 28278E899A3B4223B4D4AE54 /* arabica_coffee_beans_portrait.png */; };
		85E79102FABE4696BB5022DE /* arabica_coffee_beans_square.png in Resources */ = {isa = PBXBuildFile; fileRef = 4A05EE11BAD74B1F989E4BCB /* arabica_coffee_beans_square.png */; };
		2185A8314061444E81CE628B /* black_coffee_pic_1_portrait.png in Resources */ = {isa = PBXBuildFile; fileRef = 0D074556B9294F539081F5DA /* black_coffee_pic_1_portrait.png */; };
		0EE7BD31611B4EEAA942AB09 /* black_coffee_pic_2_portrait.png in Resources */ = {isa = PBXBuildFile; fileRef = 78E2CDDF997344A2B52A35FD /* black_coffee_pic_2_portrait.png */; };
		E5552AF71BD7405AAA4BFD3E /* black_coffee_pic_3_portrait.png in Resources */ = {isa = PBXBuildFile; fileRef = 1A4C4B49917C4A0DB262C59E /* black_coffee_pic_3_portrait.png */; };
		645F8A3F75B742EEB8D6A102 /* black_coffee_pic_1_square.png in Resources */ = {isa = PBXBuildFile; fileRef = E9C63C1C6EB44FD08D899EB7 /* black_coffee_pic_1_square.png */; };
		BE723D50E1DD49C2999032A6 /* black_coffee_pic_2_square.png in Resources */ = {isa = PBXBuildFile; fileRef = 488B016351094C6288795082 /* black_coffee_pic_2_square.png */; };
		9ADBA37F012C4C4B848A117A /* black_coffee_pic_3_square.png in Resources */ = {isa = PBXBuildFile; fileRef = 716B2B06E46C47B7A16582C2 /* black_coffee_pic_3_square.png */; };
		2F213E1CC6364FFEAAA2980A /* cappuccino_pic_1_portrait.png in Resources */ = {isa = PBXBuildFile; fileRef = 3D9E589C0CC0460F8EC0B633 /* cappuccino_pic_1_portrait.png */; };
		F0A79088A56C4BF8AE69DA6B /* cappuccino_pic_2_portrait.png in Resources */ = {isa = PBXBuildFile; fileRef = 959D31F9F9FC45E2B8F29878 /* cappuccino_pic_2_portrait.png */; };
		5830631EF369424482FCAC0D /* cappuccino_pic_3_portrait.png in Resources */ = {isa = PBXBuildFile; fileRef = 37B72754A2214772B4B1B1FD /* cappuccino_pic_3_portrait.png */; };
		046606E3F4CC411D82859A50 /* cappuccino_pic_1_square.png in Resources */ = {isa = PBXBuildFile; fileRef = 6DD8D70E92E242B1B60D9A64 /* cappuccino_pic_1_square.png */; };
		3DD6F3EFE00B4B48B3FE3F51 /* cappuccino_pic_2_square.png in Resources */ = {isa = PBXBuildFile; fileRef = F494E2D18ADB4FB89F572B4F /* cappuccino_pic_2_square.png */; };
		2B0B850BE18F49F99BAC83B6 /* cappuccino_pic_3_square.png in Resources */ = {isa = PBXBuildFile; fileRef = D01F4C6E087B4F58A1021871 /* cappuccino_pic_3_square.png */; };
		60874D8645274FDDA8A1C86C /* espresso_pic_1_portrait.png in Resources */ = {isa = PBXBuildFile; fileRef = 053069F719A840B6BF24B372 /* espresso_pic_1_portrait.png */; };
		85380117FBF848C484C64860 /* espresso_pic_2_portrait.png in Resources */ = {isa = PBXBuildFile; fileRef = B93D0552B01D4BA2BC4523C7 /* espresso_pic_2_portrait.png */; };
		46BB5A5C4E4844E5987685B1 /* espresso_pic_3_portrait.png in Resources */ = {isa = PBXBuildFile; fileRef = C8A46A6656B74AE9BC15D770 /* espresso_pic_3_portrait.png */; };
		17C4AEE298AD424DB2ABCA3A /* espresso_pic_1_square.png in Resources */ = {isa = PBXBuildFile; fileRef = 283AB3B1BF7C44FA95CE59E8 /* espresso_pic_1_square.png */; };
		D7648815FCCE445EB54067D0 /* espresso_pic_2_square.png in Resources */ = {isa = PBXBuildFile; fileRef = 231046937D744CC79318B655 /* espresso_pic_2_square.png */; };
		B9BA64EFD0C34251A44B11A3 /* espresso_pic_3_square.png in Resources */ = {isa = PBXBuildFile; fileRef = F7C7F1A8BCEB40A6804BD467 /* espresso_pic_3_square.png */; };
		DBA1632DFE374E41A0ECFFCC /* excelsa_coffee_beans_portrait.png in Resources */ = {isa = PBXBuildFile; fileRef = 05B0F1D1DBE44840BC2709C9 /* excelsa_coffee_beans_portrait.png */; };
		08099B17825C4E1ABB46062C /* excelsa_coffee_beans_square.png in Resources */ = {isa = PBXBuildFile; fileRef = BEA3CC66B0434D91B340359B /* excelsa_coffee_beans_square.png */; };
		9B81B41270B04EA5B0A05F75 /* latte_pic_1_portrait.png in Resources */ = {isa = PBXBuildFile; fileRef = AB076A1F101D4C33B0D320AB /* latte_pic_1_portrait.png */; };
		8D4E765912244A72925A2F19 /* latte_pic_2_portrait.png in Resources */ = {isa = PBXBuildFile; fileRef = FB8982BC48864475B384462A /* latte_pic_2_portrait.png */; };
		7695EFA7B021473FA35A8B7B /* latte_pic_3_portrait.png in Resources */ = {isa = PBXBuildFile; fileRef = F3892239B0A3454A8F860E82 /* latte_pic_3_portrait.png */; };
		C0F6D15F337E4EED8A5962D3 /* latte_pic_1_square.png in Resources */ = {isa = PBXBuildFile; fileRef = 533B17C6E9244275B9298C95 /* latte_pic_1_square.png */; };
		4CB626CB38DE4F9395AB527A /* latte_pic_2_square.png in Resources */ = {isa = PBXBuildFile; fileRef = A2308DCAD3074E75A5892809 /* latte_pic_2_square.png */; };
		675B220BAF54491A82245062 /* latte_pic_3_square.png in Resources */ = {isa = PBXBuildFile; fileRef = 0465D73E12A746919C8F9550 /* latte_pic_3_square.png */; };
		CED66D3EECA84188B9539682 /* liberica_coffee_beans_portrait.png in Resources */ = {isa = PBXBuildFile; fileRef = 12C3BB2E31CA41FF89F78EBA /* liberica_coffee_beans_portrait.png */; };
		90E6885A707B4488AA7BD5DF /* liberica_coffee_beans_square.png in Resources */ = {isa = PBXBuildFile; fileRef = BDCC1ED3C4DF40579A5B7599 /* liberica_coffee_beans_square.png */; };
		6B00177F60C84C6CB5B4BD0C /* macchiato_pic_1_portrait.png in Resources */ = {isa = PBXBuildFile; fileRef = 4E2FDC39E5B44377B492E903 /* macchiato_pic_1_portrait.png */; };
		A13A94E57CC64A0F82876FD4 /* macchiato_pic_2_portrait.png in Resources */ = {isa = PBXBuildFile; fileRef = 3616BA2441F347AC93049A98 /* macchiato_pic_2_portrait.png */; };
		2771995036494BE1ADE15349 /* macchiato_pic_3_portrait.png in Resources */ = {isa = PBXBuildFile; fileRef = EB90D1D747D6419F8506CBC7 /* macchiato_pic_3_portrait.png */; };
		905FD13D9BA24CD7A1B7ED0C /* macchiato_pic_1_square.png in Resources */ = {isa = PBXBuildFile; fileRef = FF3410BAC5F04D8E8F2804B2 /* macchiato_pic_1_square.png */; };
		D4B78FE0D6314BDC9E3A0238 /* macchiato_pic_2_square.png in Resources */ = {isa = PBXBuildFile; fileRef = E4241AD23DD74D23BD0A862A /* macchiato_pic_2_square.png */; };
		1262EC8D02A9472CB17883F8 /* macchiato_pic_3_square.png in Resources */ = {isa = PBXBuildFile; fileRef = DC5EC46DD9DD46BF81539069 /* macchiato_pic_3_square.png */; };
		21D98EF6ABB246FDA9833FAE /* robusta_coffee_beans_portrait.png in Resources */ = {isa = PBXBuildFile; fileRef = 764F1528231849FB975AF480 /* robusta_coffee_beans_portrait.png */; };
		1812A3F689944610A59DE339 /* robusta_coffee_beans_square.png in Resources */ = {isa = PBXBuildFile; fileRef = 8683C4B2A9AA4132912A3F5C /* robusta_coffee_beans_square.png */; };
/* End PBXBuildFile section */

/* Begin PBXContainerItemProxy section */
		00E356F41AD99517003FC87E /* PBXContainerItemProxy */ = {
			isa = PBXContainerItemProxy;
			containerPortal = 83CBB9F71A601CBA00E9B192 /* Project object */;
			proxyType = 1;
			remoteGlobalIDString = 13B07F861A680F5B00A75B9A;
			remoteInfo = Coffee_Shop_App;
		};
/* End PBXContainerItemProxy section */

/* Begin PBXFileReference section */
		00E356EE1AD99517003FC87E /* Coffee_Shop_AppTests.xctest */ = {isa = PBXFileReference; explicitFileType = wrapper.cfbundle; includeInIndex = 0; path = Coffee_Shop_AppTests.xctest; sourceTree = BUILT_PRODUCTS_DIR; };
		00E356F11AD99517003FC87E /* Info.plist */ = {isa = PBXFileReference; lastKnownFileType = text.plist.xml; path = Info.plist; sourceTree = "<group>"; };
		00E356F21AD99517003FC87E /* Coffee_Shop_AppTests.m */ = {isa = PBXFileReference; lastKnownFileType = sourcecode.c.objc; path = Coffee_Shop_AppTests.m; sourceTree = "<group>"; };
		13B07F961A680F5B00A75B9A /* Coffee_Shop_App.app */ = {isa = PBXFileReference; explicitFileType = wrapper.application; includeInIndex = 0; path = Coffee_Shop_App.app; sourceTree = BUILT_PRODUCTS_DIR; };
		13B07FAF1A68108700A75B9A /* AppDelegate.h */ = {isa = PBXFileReference; fileEncoding = 4; lastKnownFileType = sourcecode.c.h; name = AppDelegate.h; path = Coffee_Shop_App/AppDelegate.h; sourceTree = "<group>"; };
		13B07FB01A68108700A75B9A /* AppDelegate.mm */ = {isa = PBXFileReference; fileEncoding = 4; lastKnownFileType = sourcecode.cpp.objcpp; name = AppDelegate.mm; path = Coffee_Shop_App/AppDelegate.mm; sourceTree = "<group>"; };
		13B07FB51A68108700A75B9A /* Images.xcassets */ = {isa = PBXFileReference; lastKnownFileType = folder.assetcatalog; name = Images.xcassets; path = Coffee_Shop_App/Images.xcassets; sourceTree = "<group>"; };
		13B07FB61A68108700A75B9A /* Info.plist */ = {isa = PBXFileReference; fileEncoding = 4; lastKnownFileType = text.plist.xml; name = Info.plist; path = Coffee_Shop_App/Info.plist; sourceTree = "<group>"; };
		13B07FB71A68108700A75B9A /* main.m */ = {isa = PBXFileReference; fileEncoding = 4; lastKnownFileType = sourcecode.c.objc; name = main.m; path = Coffee_Shop_App/main.m; sourceTree = "<group>"; };
		19F6CBCC0A4E27FBF8BF4A61 /* libPods-Coffee_Shop_App-Coffee_Shop_AppTests.a */ = {isa = PBXFileReference; explicitFileType = archive.ar; includeInIndex = 0; path = "libPods-Coffee_Shop_App-Coffee_Shop_AppTests.a"; sourceTree = BUILT_PRODUCTS_DIR; };
		3B4392A12AC88292D35C810B /* Pods-Coffee_Shop_App.debug.xcconfig */ = {isa = PBXFileReference; includeInIndex = 1; lastKnownFileType = text.xcconfig; name = "Pods-Coffee_Shop_App.debug.xcconfig"; path = "Target Support Files/Pods-Coffee_Shop_App/Pods-Coffee_Shop_App.debug.xcconfig"; sourceTree = "<group>"; };
		5709B34CF0A7D63546082F79 /* Pods-Coffee_Shop_App.release.xcconfig */ = {isa = PBXFileReference; includeInIndex = 1; lastKnownFileType = text.xcconfig; name = "Pods-Coffee_Shop_App.release.xcconfig"; path = "Target Support Files/Pods-Coffee_Shop_App/Pods-Coffee_Shop_App.release.xcconfig"; sourceTree = "<group>"; };
		5B7EB9410499542E8C5724F5 /* Pods-Coffee_Shop_App-Coffee_Shop_AppTests.debug.xcconfig */ = {isa = PBXFileReference; includeInIndex = 1; lastKnownFileType = text.xcconfig; name = "Pods-Coffee_Shop_App-Coffee_Shop_AppTests.debug.xcconfig"; path = "Target Support Files/Pods-Coffee_Shop_App-Coffee_Shop_AppTests/Pods-Coffee_Shop_App-Coffee_Shop_AppTests.debug.xcconfig"; sourceTree = "<group>"; };
		5DCACB8F33CDC322A6C60F78 /* libPods-Coffee_Shop_App.a */ = {isa = PBXFileReference; explicitFileType = archive.ar; includeInIndex = 0; path = "libPods-Coffee_Shop_App.a"; sourceTree = BUILT_PRODUCTS_DIR; };
		81AB9BB72411601600AC10FF /* LaunchScreen.storyboard */ = {isa = PBXFileReference; fileEncoding = 4; lastKnownFileType = file.storyboard; name = LaunchScreen.storyboard; path = Coffee_Shop_App/LaunchScreen.storyboard; sourceTree = "<group>"; };
		89C6BE57DB24E9ADA2F236DE /* Pods-Coffee_Shop_App-Coffee_Shop_AppTests.release.xcconfig */ = {isa = PBXFileReference; includeInIndex = 1; lastKnownFileType = text.xcconfig; name = "Pods-Coffee_Shop_App-Coffee_Shop_AppTests.release.xcconfig"; path = "Target Support Files/Pods-Coffee_Shop_App-Coffee_Shop_AppTests/Pods-Coffee_Shop_App-Coffee_Shop_AppTests.release.xcconfig"; sourceTree = "<group>"; };
		ED297162215061F000B7C4FE /* JavaScriptCore.framework */ = {isa = PBXFileReference; lastKnownFileType = wrapper.framework; name = JavaScriptCore.framework; path = System/Library/Frameworks/JavaScriptCore.framework; sourceTree = SDKROOT; };
		E740B027C57E40E1A7CABA23 /* app_icons.ttf */ = {isa = PBXFileReference; name = "app_icons.ttf"; path = "../src/assets/fonts/app_icons.ttf"; sourceTree = "<group>"; fileEncoding = undefined; lastKnownFileType = unknown; explicitFileType = undefined; includeInIndex = 0; };
		9C0EF669905945DB8BC916C0 /* Poppins-Black.ttf */ = {isa = PBXFileReference; name = "Poppins-Black.ttf"; path = "../src/assets/fonts/Poppins-Black.ttf"; sourceTree = "<group>"; fileEncoding = undefined; lastKnownFileType = unknown; explicitFileType = undefined; includeInIndex = 0; };
		F28E0B65C1464DF0A234C2C0 /* Poppins-Bold.ttf */ = {isa = PBXFileReference; name = "Poppins-Bold.ttf"; path = "../src/assets/fonts/Poppins-Bold.ttf"; sourceTree = "<group>"; fileEncoding = undefined; lastKnownFileType = unknown; explicitFileType = undefined; includeInIndex = 0; };
		83FCFD02C63E426CB1992A1E /* Poppins-ExtraBold.ttf */ = {isa = PBXFileReference; name = "Poppins-ExtraBold.ttf"; path = "../src/assets/fonts/Poppins-ExtraBold.ttf"; sourceTree = "<group>"; fileEncoding = undefined; lastKnownFileType = unknown; explicitFileType = undefined; includeInIndex = 0; };
		483F51FEF45947668FAD2B72 /* Poppins-ExtraLight.ttf */ = {isa = PBXFileReference; name = "Poppins-ExtraLight.ttf"; path = "../src/assets/fonts/Poppins-ExtraLight.ttf"; sourceTree = "<group>"; fileEncoding = undefined; lastKnownFileType = unknown; explicitFileType = undefined; includeInIndex = 0; };
		ABC11A00BD75461C85FEF073 /* Poppins-Light.ttf */ = {isa = PBXFileReference; name = "Poppins-Light.ttf"; path = "../src/assets/fonts/Poppins-Light.ttf"; sourceTree = "<group>"; fileEncoding = undefined; lastKnownFileType = unknown; explicitFileType = undefined; includeInIndex = 0; };
		68DB43CD52064174BFF875EE /* Poppins-Medium.ttf */ = {isa = PBXFileReference; name = "Poppins-Medium.ttf"; path = "../src/assets/fonts/Poppins-Medium.ttf"; sourceTree = "<group>"; fileEncoding = undefined; lastKnownFileType = unknown; explicitFileType = undefined; includeInIndex = 0; };
		931EF90EF7B74AFE9796231A /* Poppins-Regular.ttf */ = {isa = PBXFileReference; name = "Poppins-Regular.ttf"; path = "../src/assets/fonts/Poppins-Regular.ttf"; sourceTree = "<group>"; fileEncoding = undefined; lastKnownFileType = unknown; explicitFileType = undefined; includeInIndex = 0; };
		B21B05DF77D6436783973F50 /* Poppins-SemiBold.ttf */ = {isa = PBXFileReference; name = "Poppins-SemiBold.ttf"; path = "../src/assets/fonts/Poppins-SemiBold.ttf"; sourceTree = "<group>"; fileEncoding = undefined; lastKnownFileType = unknown; explicitFileType = undefined; includeInIndex = 0; };
		075DA1B7D90540188F323931 /* Poppins-Thin.ttf */ = {isa = PBXFileReference; name = "Poppins-Thin.ttf"; path = "../src/assets/fonts/Poppins-Thin.ttf"; sourceTree = "<group>"; fileEncoding = undefined; lastKnownFileType = unknown; explicitFileType = undefined; includeInIndex = 0; };
		FF4E8E841F5D43ED961890FF /* amazonpay.png */ = {isa = PBXFileReference; name = "amazonpay.png"; path = "../src/assets/images/app/amazonpay.png"; sourceTree = "<group>"; fileEncoding = undefined; lastKnownFileType = unknown; explicitFileType = undefined; includeInIndex = 0; };
		07403D5C2F264674A3B7FA9A /* applepay.png */ = {isa = PBXFileReference; name = "applepay.png"; path = "../src/assets/images/app/applepay.png"; sourceTree = "<group>"; fileEncoding = undefined; lastKnownFileType = unknown; explicitFileType = undefined; includeInIndex = 0; };
		C134BBF6392B4B27A6519B88 /* avatar.jpg */ = {isa = PBXFileReference; name = "avatar.jpg"; path = "../src/assets/images/app/avatar.jpg"; sourceTree = "<group>"; fileEncoding = undefined; lastKnownFileType = unknown; explicitFileType = undefined; includeInIndex = 0; };
		F656E0E7AB9D404A875E2EA7 /* gpay.png */ = {isa = PBXFileReference; name = "gpay.png"; path = "../src/assets/images/app/gpay.png"; sourceTree = "<group>"; fileEncoding = undefined; lastKnownFileType = unknown; explicitFileType = undefined; includeInIndex = 0; };
		4475B2B5978A45949B6DAB73 /* index.ts */ = {isa = PBXFileReference; name = "index.ts"; path = "../src/assets/images/app/index.ts"; sourceTree = "<group>"; fileEncoding = undefined; lastKnownFileType = unknown; explicitFileType = undefined; includeInIndex = 0; };
		618A602B3A2943BB951248AE /* americano_pic_1_portrait.png */ = {isa = PBXFileReference; name = "americano_pic_1_portrait.png"; path = "../src/assets/images/coffee/americano/portrait/americano_pic_1_portrait.png"; sourceTree = "<group>"; fileEncoding = undefined; lastKnownFileType = unknown; explicitFileType = undefined; includeInIndex = 0; };
		1C15D4973B1E4BAC819B18CB /* americano_pic_2_portrait.png */ = {isa = PBXFileReference; name = "americano_pic_2_portrait.png"; path = "../src/assets/images/coffee/americano/portrait/americano_pic_2_portrait.png"; sourceTree = "<group>"; fileEncoding = undefined; lastKnownFileType = unknown; explicitFileType = undefined; includeInIndex = 0; };
		423A9C9962B64C268CE635F2 /* americano_pic_3_portrait.png */ = {isa = PBXFileReference; name = "americano_pic_3_portrait.png"; path = "../src/assets/images/coffee/americano/portrait/americano_pic_3_portrait.png"; sourceTree = "<group>"; fileEncoding = undefined; lastKnownFileType = unknown; explicitFileType = undefined; includeInIndex = 0; };
		73F5C701653F410985973D8D /* americano_pic_1_square.png */ = {isa = PBXFileReference; name = "americano_pic_1_square.png"; path = "../src/assets/images/coffee/americano/square/americano_pic_1_square.png"; sourceTree = "<group>"; fileEncoding = undefined; lastKnownFileType = unknown; explicitFileType = undefined; includeInIndex = 0; };
		0D89BE8A35644B0592E3B2C2 /* americano_pic_2_square.png */ = {isa = PBXFileReference; name = "americano_pic_2_square.png"; path = "../src/assets/images/coffee/americano/square/americano_pic_2_square.png"; sourceTree = "<group>"; fileEncoding = undefined; lastKnownFileType = unknown; explicitFileType = undefined; includeInIndex = 0; };
		CA817B5D7F77438897E3DB45 /* americano_pic_3_square.png */ = {isa = PBXFileReference; name = "americano_pic_3_square.png"; path = "../src/assets/images/coffee/americano/square/americano_pic_3_square.png"; sourceTree = "<group>"; fileEncoding = undefined; lastKnownFileType = unknown; explicitFileType = undefined; includeInIndex = 0; };
		28278E899A3B4223B4D4AE54 /* arabica_coffee_beans_portrait.png */ = {isa = PBXFileReference; name = "arabica_coffee_beans_portrait.png"; path = "../src/assets/images/coffee/arabica-coffee-beans/arabica_coffee_beans_portrait.png"; sourceTree = "<group>"; fileEncoding = undefined; lastKnownFileType = unknown; explicitFileType = undefined; includeInIndex = 0; };
		4A05EE11BAD74B1F989E4BCB /* arabica_coffee_beans_square.png */ = {isa = PBXFileReference; name = "arabica_coffee_beans_square.png"; path = "../src/assets/images/coffee/arabica-coffee-beans/arabica_coffee_beans_square.png"; sourceTree = "<group>"; fileEncoding = undefined; lastKnownFileType = unknown; explicitFileType = undefined; includeInIndex = 0; };
		0D074556B9294F539081F5DA /* black_coffee_pic_1_portrait.png */ = {isa = PBXFileReference; name = "black_coffee_pic_1_portrait.png"; path = "../src/assets/images/coffee/black-coffee/portrait/black_coffee_pic_1_portrait.png"; sourceTree = "<group>"; fileEncoding = undefined; lastKnownFileType = unknown; explicitFileType = undefined; includeInIndex = 0; };
		78E2CDDF997344A2B52A35FD /* black_coffee_pic_2_portrait.png */ = {isa = PBXFileReference; name = "black_coffee_pic_2_portrait.png"; path = "../src/assets/images/coffee/black-coffee/portrait/black_coffee_pic_2_portrait.png"; sourceTree = "<group>"; fileEncoding = undefined; lastKnownFileType = unknown; explicitFileType = undefined; includeInIndex = 0; };
		1A4C4B49917C4A0DB262C59E /* black_coffee_pic_3_portrait.png */ = {isa = PBXFileReference; name = "black_coffee_pic_3_portrait.png"; path = "../src/assets/images/coffee/black-coffee/portrait/black_coffee_pic_3_portrait.png"; sourceTree = "<group>"; fileEncoding = undefined; lastKnownFileType = unknown; explicitFileType = undefined; includeInIndex = 0; };
		E9C63C1C6EB44FD08D899EB7 /* black_coffee_pic_1_square.png */ = {isa = PBXFileReference; name = "black_coffee_pic_1_square.png"; path = "../src/assets/images/coffee/black-coffee/square/black_coffee_pic_1_square.png"; sourceTree = "<group>"; fileEncoding = undefined; lastKnownFileType = unknown; explicitFileType = undefined; includeInIndex = 0; };
		488B016351094C6288795082 /* black_coffee_pic_2_square.png */ = {isa = PBXFileReference; name = "black_coffee_pic_2_square.png"; path = "../src/assets/images/coffee/black-coffee/square/black_coffee_pic_2_square.png"; sourceTree = "<group>"; fileEncoding = undefined; lastKnownFileType = unknown; explicitFileType = undefined; includeInIndex = 0; };
		716B2B06E46C47B7A16582C2 /* black_coffee_pic_3_square.png */ = {isa = PBXFileReference; name = "black_coffee_pic_3_square.png"; path = "../src/assets/images/coffee/black-coffee/square/black_coffee_pic_3_square.png"; sourceTree = "<group>"; fileEncoding = undefined; lastKnownFileType = unknown; explicitFileType = undefined; includeInIndex = 0; };
		3D9E589C0CC0460F8EC0B633 /* cappuccino_pic_1_portrait.png */ = {isa = PBXFileReference; name = "cappuccino_pic_1_portrait.png"; path = "../src/assets/images/coffee/cappuccino/portrait/cappuccino_pic_1_portrait.png"; sourceTree = "<group>"; fileEncoding = undefined; lastKnownFileType = unknown; explicitFileType = undefined; includeInIndex = 0; };
		959D31F9F9FC45E2B8F29878 /* cappuccino_pic_2_portrait.png */ = {isa = PBXFileReference; name = "cappuccino_pic_2_portrait.png"; path = "../src/assets/images/coffee/cappuccino/portrait/cappuccino_pic_2_portrait.png"; sourceTree = "<group>"; fileEncoding = undefined; lastKnownFileType = unknown; explicitFileType = undefined; includeInIndex = 0; };
		37B72754A2214772B4B1B1FD /* cappuccino_pic_3_portrait.png */ = {isa = PBXFileReference; name = "cappuccino_pic_3_portrait.png"; path = "../src/assets/images/coffee/cappuccino/portrait/cappuccino_pic_3_portrait.png"; sourceTree = "<group>"; fileEncoding = undefined; lastKnownFileType = unknown; explicitFileType = undefined; includeInIndex = 0; };
		6DD8D70E92E242B1B60D9A64 /* cappuccino_pic_1_square.png */ = {isa = PBXFileReference; name = "cappuccino_pic_1_square.png"; path = "../src/assets/images/coffee/cappuccino/square/cappuccino_pic_1_square.png"; sourceTree = "<group>"; fileEncoding = undefined; lastKnownFileType = unknown; explicitFileType = undefined; includeInIndex = 0; };
		F494E2D18ADB4FB89F572B4F /* cappuccino_pic_2_square.png */ = {isa = PBXFileReference; name = "cappuccino_pic_2_square.png"; path = "../src/assets/images/coffee/cappuccino/square/cappuccino_pic_2_square.png"; sourceTree = "<group>"; fileEncoding = undefined; lastKnownFileType = unknown; explicitFileType = undefined; includeInIndex = 0; };
		D01F4C6E087B4F58A1021871 /* cappuccino_pic_3_square.png */ = {isa = PBXFileReference; name = "cappuccino_pic_3_square.png"; path = "../src/assets/images/coffee/cappuccino/square/cappuccino_pic_3_square.png"; sourceTree = "<group>"; fileEncoding = undefined; lastKnownFileType = unknown; explicitFileType = undefined; includeInIndex = 0; };
		053069F719A840B6BF24B372 /* espresso_pic_1_portrait.png */ = {isa = PBXFileReference; name = "espresso_pic_1_portrait.png"; path = "../src/assets/images/coffee/espresso/portrait/espresso_pic_1_portrait.png"; sourceTree = "<group>"; fileEncoding = undefined; lastKnownFileType = unknown; explicitFileType = undefined; includeInIndex = 0; };
		B93D0552B01D4BA2BC4523C7 /* espresso_pic_2_portrait.png */ = {isa = PBXFileReference; name = "espresso_pic_2_portrait.png"; path = "../src/assets/images/coffee/espresso/portrait/espresso_pic_2_portrait.png"; sourceTree = "<group>"; fileEncoding = undefined; lastKnownFileType = unknown; explicitFileType = undefined; includeInIndex = 0; };
		C8A46A6656B74AE9BC15D770 /* espresso_pic_3_portrait.png */ = {isa = PBXFileReference; name = "espresso_pic_3_portrait.png"; path = "../src/assets/images/coffee/espresso/portrait/espresso_pic_3_portrait.png"; sourceTree = "<group>"; fileEncoding = undefined; lastKnownFileType = unknown; explicitFileType = undefined; includeInIndex = 0; };
		283AB3B1BF7C44FA95CE59E8 /* espresso_pic_1_square.png */ = {isa = PBXFileReference; name = "espresso_pic_1_square.png"; path = "../src/assets/images/coffee/espresso/square/espresso_pic_1_square.png"; sourceTree = "<group>"; fileEncoding = undefined; lastKnownFileType = unknown; explicitFileType = undefined; includeInIndex = 0; };
		231046937D744CC79318B655 /* espresso_pic_2_square.png */ = {isa = PBXFileReference; name = "espresso_pic_2_square.png"; path = "../src/assets/images/coffee/espresso/square/espresso_pic_2_square.png"; sourceTree = "<group>"; fileEncoding = undefined; lastKnownFileType = unknown; explicitFileType = undefined; includeInIndex = 0; };
		F7C7F1A8BCEB40A6804BD467 /* espresso_pic_3_square.png */ = {isa = PBXFileReference; name = "espresso_pic_3_square.png"; path = "../src/assets/images/coffee/espresso/square/espresso_pic_3_square.png"; sourceTree = "<group>"; fileEncoding = undefined; lastKnownFileType = unknown; explicitFileType = undefined; includeInIndex = 0; };
		05B0F1D1DBE44840BC2709C9 /* excelsa_coffee_beans_portrait.png */ = {isa = PBXFileReference; name = "excelsa_coffee_beans_portrait.png"; path = "../src/assets/images/coffee/excelsa-coffee-beans/excelsa_coffee_beans_portrait.png"; sourceTree = "<group>"; fileEncoding = undefined; lastKnownFileType = unknown; explicitFileType = undefined; includeInIndex = 0; };
		BEA3CC66B0434D91B340359B /* excelsa_coffee_beans_square.png */ = {isa = PBXFileReference; name = "excelsa_coffee_beans_square.png"; path = "../src/assets/images/coffee/excelsa-coffee-beans/excelsa_coffee_beans_square.png"; sourceTree = "<group>"; fileEncoding = undefined; lastKnownFileType = unknown; explicitFileType = undefined; includeInIndex = 0; };
		AB076A1F101D4C33B0D320AB /* latte_pic_1_portrait.png */ = {isa = PBXFileReference; name = "latte_pic_1_portrait.png"; path = "../src/assets/images/coffee/latte/portrait/latte_pic_1_portrait.png"; sourceTree = "<group>"; fileEncoding = undefined; lastKnownFileType = unknown; explicitFileType = undefined; includeInIndex = 0; };
		FB8982BC48864475B384462A /* latte_pic_2_portrait.png */ = {isa = PBXFileReference; name = "latte_pic_2_portrait.png"; path = "../src/assets/images/coffee/latte/portrait/latte_pic_2_portrait.png"; sourceTree = "<group>"; fileEncoding = undefined; lastKnownFileType = unknown; explicitFileType = undefined; includeInIndex = 0; };
		F3892239B0A3454A8F860E82 /* latte_pic_3_portrait.png */ = {isa = PBXFileReference; name = "latte_pic_3_portrait.png"; path = "../src/assets/images/coffee/latte/portrait/latte_pic_3_portrait.png"; sourceTree = "<group>"; fileEncoding = undefined; lastKnownFileType = unknown; explicitFileType = undefined; includeInIndex = 0; };
		533B17C6E9244275B9298C95 /* latte_pic_1_square.png */ = {isa = PBXFileReference; name = "latte_pic_1_square.png"; path = "../src/assets/images/coffee/latte/square/latte_pic_1_square.png"; sourceTree = "<group>"; fileEncoding = undefined; lastKnownFileType = unknown; explicitFileType = undefined; includeInIndex = 0; };
		A2308DCAD3074E75A5892809 /* latte_pic_2_square.png */ = {isa = PBXFileReference; name = "latte_pic_2_square.png"; path = "../src/assets/images/coffee/latte/square/latte_pic_2_square.png"; sourceTree = "<group>"; fileEncoding = undefined; lastKnownFileType = unknown; explicitFileType = undefined; includeInIndex = 0; };
		0465D73E12A746919C8F9550 /* latte_pic_3_square.png */ = {isa = PBXFileReference; name = "latte_pic_3_square.png"; path = "../src/assets/images/coffee/latte/square/latte_pic_3_square.png"; sourceTree = "<group>"; fileEncoding = undefined; lastKnownFileType = unknown; explicitFileType = undefined; includeInIndex = 0; };
		12C3BB2E31CA41FF89F78EBA /* liberica_coffee_beans_portrait.png */ = {isa = PBXFileReference; name = "liberica_coffee_beans_portrait.png"; path = "../src/assets/images/coffee/liberica-coffee-beans/liberica_coffee_beans_portrait.png"; sourceTree = "<group>"; fileEncoding = undefined; lastKnownFileType = unknown; explicitFileType = undefined; includeInIndex = 0; };
		BDCC1ED3C4DF40579A5B7599 /* liberica_coffee_beans_square.png */ = {isa = PBXFileReference; name = "liberica_coffee_beans_square.png"; path = "../src/assets/images/coffee/liberica-coffee-beans/liberica_coffee_beans_square.png"; sourceTree = "<group>"; fileEncoding = undefined; lastKnownFileType = unknown; explicitFileType = undefined; includeInIndex = 0; };
		4E2FDC39E5B44377B492E903 /* macchiato_pic_1_portrait.png */ = {isa = PBXFileReference; name = "macchiato_pic_1_portrait.png"; path = "../src/assets/images/coffee/macchiato/portrait/macchiato_pic_1_portrait.png"; sourceTree = "<group>"; fileEncoding = undefined; lastKnownFileType = unknown; explicitFileType = undefined; includeInIndex = 0; };
		3616BA2441F347AC93049A98 /* macchiato_pic_2_portrait.png */ = {isa = PBXFileReference; name = "macchiato_pic_2_portrait.png"; path = "../src/assets/images/coffee/macchiato/portrait/macchiato_pic_2_portrait.png"; sourceTree = "<group>"; fileEncoding = undefined; lastKnownFileType = unknown; explicitFileType = undefined; includeInIndex = 0; };
		EB90D1D747D6419F8506CBC7 /* macchiato_pic_3_portrait.png */ = {isa = PBXFileReference; name = "macchiato_pic_3_portrait.png"; path = "../src/assets/images/coffee/macchiato/portrait/macchiato_pic_3_portrait.png"; sourceTree = "<group>"; fileEncoding = undefined; lastKnownFileType = unknown; explicitFileType = undefined; includeInIndex = 0; };
		FF3410BAC5F04D8E8F2804B2 /* macchiato_pic_1_square.png */ = {isa = PBXFileReference; name = "macchiato_pic_1_square.png"; path = "../src/assets/images/coffee/macchiato/square/macchiato_pic_1_square.png"; sourceTree = "<group>"; fileEncoding = undefined; lastKnownFileType = unknown; explicitFileType = undefined; includeInIndex = 0; };
		E4241AD23DD74D23BD0A862A /* macchiato_pic_2_square.png */ = {isa = PBXFileReference; name = "macchiato_pic_2_square.png"; path = "../src/assets/images/coffee/macchiato/square/macchiato_pic_2_square.png"; sourceTree = "<group>"; fileEncoding = undefined; lastKnownFileType = unknown; explicitFileType = undefined; includeInIndex = 0; };
		DC5EC46DD9DD46BF81539069 /* macchiato_pic_3_square.png */ = {isa = PBXFileReference; name = "macchiato_pic_3_square.png"; path = "../src/assets/images/coffee/macchiato/square/macchiato_pic_3_square.png"; sourceTree = "<group>"; fileEncoding = undefined; lastKnownFileType = unknown; explicitFileType = undefined; includeInIndex = 0; };
		764F1528231849FB975AF480 /* robusta_coffee_beans_portrait.png */ = {isa = PBXFileReference; name = "robusta_coffee_beans_portrait.png"; path = "../src/assets/images/coffee/robusta-coffee-beans/robusta_coffee_beans_portrait.png"; sourceTree = "<group>"; fileEncoding = undefined; lastKnownFileType = unknown; explicitFileType = undefined; includeInIndex = 0; };
		8683C4B2A9AA4132912A3F5C /* robusta_coffee_beans_square.png */ = {isa = PBXFileReference; name = "robusta_coffee_beans_square.png"; path = "../src/assets/images/coffee/robusta-coffee-beans/robusta_coffee_beans_square.png"; sourceTree = "<group>"; fileEncoding = undefined; lastKnownFileType = unknown; explicitFileType = undefined; includeInIndex = 0; };
/* End PBXFileReference section */

/* Begin PBXFrameworksBuildPhase section */
		00E356EB1AD99517003FC87E /* Frameworks */ = {
			isa = PBXFrameworksBuildPhase;
			buildActionMask = 2147483647;
			files = (
				7699B88040F8A987B510C191 /* libPods-Coffee_Shop_App-Coffee_Shop_AppTests.a in Frameworks */,
			);
			runOnlyForDeploymentPostprocessing = 0;
		};
		13B07F8C1A680F5B00A75B9A /* Frameworks */ = {
			isa = PBXFrameworksBuildPhase;
			buildActionMask = 2147483647;
			files = (
				0C80B921A6F3F58F76C31292 /* libPods-Coffee_Shop_App.a in Frameworks */,
			);
			runOnlyForDeploymentPostprocessing = 0;
		};
/* End PBXFrameworksBuildPhase section */

/* Begin PBXGroup section */
		00E356EF1AD99517003FC87E /* Coffee_Shop_AppTests */ = {
			isa = PBXGroup;
			children = (
				00E356F21AD99517003FC87E /* Coffee_Shop_AppTests.m */,
				00E356F01AD99517003FC87E /* Supporting Files */,
			);
			path = Coffee_Shop_AppTests;
			sourceTree = "<group>";
		};
		00E356F01AD99517003FC87E /* Supporting Files */ = {
			isa = PBXGroup;
			children = (
				00E356F11AD99517003FC87E /* Info.plist */,
			);
			name = "Supporting Files";
			sourceTree = "<group>";
		};
		13B07FAE1A68108700A75B9A /* Coffee_Shop_App */ = {
			isa = PBXGroup;
			children = (
				13B07FAF1A68108700A75B9A /* AppDelegate.h */,
				13B07FB01A68108700A75B9A /* AppDelegate.mm */,
				13B07FB51A68108700A75B9A /* Images.xcassets */,
				13B07FB61A68108700A75B9A /* Info.plist */,
				81AB9BB72411601600AC10FF /* LaunchScreen.storyboard */,
				13B07FB71A68108700A75B9A /* main.m */,
			);
			name = Coffee_Shop_App;
			sourceTree = "<group>";
		};
		2D16E6871FA4F8E400B85C8A /* Frameworks */ = {
			isa = PBXGroup;
			children = (
				ED297162215061F000B7C4FE /* JavaScriptCore.framework */,
				5DCACB8F33CDC322A6C60F78 /* libPods-Coffee_Shop_App.a */,
				19F6CBCC0A4E27FBF8BF4A61 /* libPods-Coffee_Shop_App-Coffee_Shop_AppTests.a */,
			);
			name = Frameworks;
			sourceTree = "<group>";
		};
		832341AE1AAA6A7D00B99B32 /* Libraries */ = {
			isa = PBXGroup;
			children = (
			);
			name = Libraries;
			sourceTree = "<group>";
		};
		83CBB9F61A601CBA00E9B192 = {
			isa = PBXGroup;
			children = (
				13B07FAE1A68108700A75B9A /* Coffee_Shop_App */,
				832341AE1AAA6A7D00B99B32 /* Libraries */,
				00E356EF1AD99517003FC87E /* Coffee_Shop_AppTests */,
				83CBBA001A601CBA00E9B192 /* Products */,
				2D16E6871FA4F8E400B85C8A /* Frameworks */,
				BBD78D7AC51CEA395F1C20DB /* Pods */,
				26FD76C59C3E4A16BA8AE1AB /* Resources */,
			);
			indentWidth = 2;
			sourceTree = "<group>";
			tabWidth = 2;
			usesTabs = 0;
		};
		83CBBA001A601CBA00E9B192 /* Products */ = {
			isa = PBXGroup;
			children = (
				13B07F961A680F5B00A75B9A /* Coffee_Shop_App.app */,
				00E356EE1AD99517003FC87E /* Coffee_Shop_AppTests.xctest */,
			);
			name = Products;
			sourceTree = "<group>";
		};
		BBD78D7AC51CEA395F1C20DB /* Pods */ = {
			isa = PBXGroup;
			children = (
				3B4392A12AC88292D35C810B /* Pods-Coffee_Shop_App.debug.xcconfig */,
				5709B34CF0A7D63546082F79 /* Pods-Coffee_Shop_App.release.xcconfig */,
				5B7EB9410499542E8C5724F5 /* Pods-Coffee_Shop_App-Coffee_Shop_AppTests.debug.xcconfig */,
				89C6BE57DB24E9ADA2F236DE /* Pods-Coffee_Shop_App-Coffee_Shop_AppTests.release.xcconfig */,
			);
			path = Pods;
			sourceTree = "<group>";
		};
		26FD76C59C3E4A16BA8AE1AB /* Resources */ = {
			isa = "PBXGroup";
			children = (
				E740B027C57E40E1A7CABA23 /* app_icons.ttf */,
				9C0EF669905945DB8BC916C0 /* Poppins-Black.ttf */,
				F28E0B65C1464DF0A234C2C0 /* Poppins-Bold.ttf */,
				83FCFD02C63E426CB1992A1E /* Poppins-ExtraBold.ttf */,
				483F51FEF45947668FAD2B72 /* Poppins-ExtraLight.ttf */,
				ABC11A00BD75461C85FEF073 /* Poppins-Light.ttf */,
				68DB43CD52064174BFF875EE /* Poppins-Medium.ttf */,
				931EF90EF7B74AFE9796231A /* Poppins-Regular.ttf */,
				B21B05DF77D6436783973F50 /* Poppins-SemiBold.ttf */,
				075DA1B7D90540188F323931 /* Poppins-Thin.ttf */,
				FF4E8E841F5D43ED961890FF /* amazonpay.png */,
				07403D5C2F264674A3B7FA9A /* applepay.png */,
				C134BBF6392B4B27A6519B88 /* avatar.jpg */,
				F656E0E7AB9D404A875E2EA7 /* gpay.png */,
				4475B2B5978A45949B6DAB73 /* index.ts */,
				618A602B3A2943BB951248AE /* americano_pic_1_portrait.png */,
				1C15D4973B1E4BAC819B18CB /* americano_pic_2_portrait.png */,
				423A9C9962B64C268CE635F2 /* americano_pic_3_portrait.png */,
				73F5C701653F410985973D8D /* americano_pic_1_square.png */,
				0D89BE8A35644B0592E3B2C2 /* americano_pic_2_square.png */,
				CA817B5D7F77438897E3DB45 /* americano_pic_3_square.png */,
				28278E899A3B4223B4D4AE54 /* arabica_coffee_beans_portrait.png */,
				4A05EE11BAD74B1F989E4BCB /* arabica_coffee_beans_square.png */,
				0D074556B9294F539081F5DA /* black_coffee_pic_1_portrait.png */,
				78E2CDDF997344A2B52A35FD /* black_coffee_pic_2_portrait.png */,
				1A4C4B49917C4A0DB262C59E /* black_coffee_pic_3_portrait.png */,
				E9C63C1C6EB44FD08D899EB7 /* black_coffee_pic_1_square.png */,
				488B016351094C6288795082 /* black_coffee_pic_2_square.png */,
				716B2B06E46C47B7A16582C2 /* black_coffee_pic_3_square.png */,
				3D9E589C0CC0460F8EC0B633 /* cappuccino_pic_1_portrait.png */,
				959D31F9F9FC45E2B8F29878 /* cappuccino_pic_2_portrait.png */,
				37B72754A2214772B4B1B1FD /* cappuccino_pic_3_portrait.png */,
				6DD8D70E92E242B1B60D9A64 /* cappuccino_pic_1_square.png */,
				F494E2D18ADB4FB89F572B4F /* cappuccino_pic_2_square.png */,
				D01F4C6E087B4F58A1021871 /* cappuccino_pic_3_square.png */,
				053069F719A840B6BF24B372 /* espresso_pic_1_portrait.png */,
				B93D0552B01D4BA2BC4523C7 /* espresso_pic_2_portrait.png */,
				C8A46A6656B74AE9BC15D770 /* espresso_pic_3_portrait.png */,
				283AB3B1BF7C44FA95CE59E8 /* espresso_pic_1_square.png */,
				231046937D744CC79318B655 /* espresso_pic_2_square.png */,
				F7C7F1A8BCEB40A6804BD467 /* espresso_pic_3_square.png */,
				05B0F1D1DBE44840BC2709C9 /* excelsa_coffee_beans_portrait.png */,
				BEA3CC66B0434D91B340359B /* excelsa_coffee_beans_square.png */,
				AB076A1F101D4C33B0D320AB /* latte_pic_1_portrait.png */,
				FB8982BC48864475B384462A /* latte_pic_2_portrait.png */,
				F3892239B0A3454A8F860E82 /* latte_pic_3_portrait.png */,
				533B17C6E9244275B9298C95 /* latte_pic_1_square.png */,
				A2308DCAD3074E75A5892809 /* latte_pic_2_square.png */,
				0465D73E12A746919C8F9550 /* latte_pic_3_square.png */,
				12C3BB2E31CA41FF89F78EBA /* liberica_coffee_beans_portrait.png */,
				BDCC1ED3C4DF40579A5B7599 /* liberica_coffee_beans_square.png */,
				4E2FDC39E5B44377B492E903 /* macchiato_pic_1_portrait.png */,
				3616BA2441F347AC93049A98 /* macchiato_pic_2_portrait.png */,
				EB90D1D747D6419F8506CBC7 /* macchiato_pic_3_portrait.png */,
				FF3410BAC5F04D8E8F2804B2 /* macchiato_pic_1_square.png */,
				E4241AD23DD74D23BD0A862A /* macchiato_pic_2_square.png */,
				DC5EC46DD9DD46BF81539069 /* macchiato_pic_3_square.png */,
				764F1528231849FB975AF480 /* robusta_coffee_beans_portrait.png */,
				8683C4B2A9AA4132912A3F5C /* robusta_coffee_beans_square.png */,
			);
			name = Resources;
			sourceTree = "<group>";
			path = "";
		};
/* End PBXGroup section */

/* Begin PBXNativeTarget section */
		00E356ED1AD99517003FC87E /* Coffee_Shop_AppTests */ = {
			isa = PBXNativeTarget;
			buildConfigurationList = 00E357021AD99517003FC87E /* Build configuration list for PBXNativeTarget "Coffee_Shop_AppTests" */;
			buildPhases = (
				A55EABD7B0C7F3A422A6CC61 /* [CP] Check Pods Manifest.lock */,
				00E356EA1AD99517003FC87E /* Sources */,
				00E356EB1AD99517003FC87E /* Frameworks */,
				00E356EC1AD99517003FC87E /* Resources */,
				C59DA0FBD6956966B86A3779 /* [CP] Embed Pods Frameworks */,
				F6A41C54EA430FDDC6A6ED99 /* [CP] Copy Pods Resources */,
			);
			buildRules = (
			);
			dependencies = (
				00E356F51AD99517003FC87E /* PBXTargetDependency */,
			);
			name = Coffee_Shop_AppTests;
			productName = Coffee_Shop_AppTests;
			productReference = 00E356EE1AD99517003FC87E /* Coffee_Shop_AppTests.xctest */;
			productType = "com.apple.product-type.bundle.unit-test";
		};
		13B07F861A680F5B00A75B9A /* Coffee_Shop_App */ = {
			isa = PBXNativeTarget;
			buildConfigurationList = 13B07F931A680F5B00A75B9A /* Build configuration list for PBXNativeTarget "Coffee_Shop_App" */;
			buildPhases = (
				C38B50BA6285516D6DCD4F65 /* [CP] Check Pods Manifest.lock */,
				FD10A7F022414F080027D42C /* Start Packager */,
				13B07F871A680F5B00A75B9A /* Sources */,
				13B07F8C1A680F5B00A75B9A /* Frameworks */,
				13B07F8E1A680F5B00A75B9A /* Resources */,
				00DD1BFF1BD5951E006B06BC /* Bundle React Native code and images */,
				00EEFC60759A1932668264C0 /* [CP] Embed Pods Frameworks */,
				E235C05ADACE081382539298 /* [CP] Copy Pods Resources */,
			);
			buildRules = (
			);
			dependencies = (
			);
			name = Coffee_Shop_App;
			productName = Coffee_Shop_App;
			productReference = 13B07F961A680F5B00A75B9A /* Coffee_Shop_App.app */;
			productType = "com.apple.product-type.application";
		};
/* End PBXNativeTarget section */

/* Begin PBXProject section */
		83CBB9F71A601CBA00E9B192 /* Project object */ = {
			isa = PBXProject;
			attributes = {
				LastUpgradeCheck = 1210;
				TargetAttributes = {
					00E356ED1AD99517003FC87E = {
						CreatedOnToolsVersion = 6.2;
						TestTargetID = 13B07F861A680F5B00A75B9A;
					};
					13B07F861A680F5B00A75B9A = {
						LastSwiftMigration = 1120;
					};
				};
			};
			buildConfigurationList = 83CBB9FA1A601CBA00E9B192 /* Build configuration list for PBXProject "Coffee_Shop_App" */;
			compatibilityVersion = "Xcode 12.0";
			developmentRegion = en;
			hasScannedForEncodings = 0;
			knownRegions = (
				en,
				Base,
			);
			mainGroup = 83CBB9F61A601CBA00E9B192;
			productRefGroup = 83CBBA001A601CBA00E9B192 /* Products */;
			projectDirPath = "";
			projectRoot = "";
			targets = (
				13B07F861A680F5B00A75B9A /* Coffee_Shop_App */,
				00E356ED1AD99517003FC87E /* Coffee_Shop_AppTests */,
			);
		};
/* End PBXProject section */

/* Begin PBXResourcesBuildPhase section */
		00E356EC1AD99517003FC87E /* Resources */ = {
			isa = PBXResourcesBuildPhase;
			buildActionMask = 2147483647;
			files = (
			);
			runOnlyForDeploymentPostprocessing = 0;
		};
		13B07F8E1A680F5B00A75B9A /* Resources */ = {
			isa = PBXResourcesBuildPhase;
			buildActionMask = 2147483647;
			files = (
				81AB9BB82411601600AC10FF /* LaunchScreen.storyboard in Resources */,
				13B07FBF1A68108700A75B9A /* Images.xcassets in Resources */,
				D911BAA0851A4CC585B2F077 /* app_icons.ttf in Resources */,
				B917F400C997424DB5AD5BF0 /* Poppins-Black.ttf in Resources */,
				C9639A2AB3EA4FF78D679B67 /* Poppins-Bold.ttf in Resources */,
				B374842C489C48EBB667BE18 /* Poppins-ExtraBold.ttf in Resources */,
				C276EA210ABB49F099FF2DA5 /* Poppins-ExtraLight.ttf in Resources */,
				6CED0636D239467389C99B15 /* Poppins-Light.ttf in Resources */,
				4A1CF6CE3A904A75BF84A7B1 /* Poppins-Medium.ttf in Resources */,
				287CF09603594EACA6F16A29 /* Poppins-Regular.ttf in Resources */,
				84E7BCBE60084CCB95348EF1 /* Poppins-SemiBold.ttf in Resources */,
				6C6973AF66B24831A3781385 /* Poppins-Thin.ttf in Resources */,
				322E1860E3EA48B9BB5D2359 /* amazonpay.png in Resources */,
				66C43BC97496441AB3CC1583 /* applepay.png in Resources */,
				EA0404DF772148D1969784C4 /* avatar.jpg in Resources */,
				F7B347E7620146CEA717F231 /* gpay.png in Resources */,
				C2F61C18B75649C5BA1BC5C7 /* index.ts in Resources */,
				E1D1C6794F8F40FAB605CA4B /* americano_pic_1_portrait.png in Resources */,
				E60698DB8A1C4877B439E916 /* americano_pic_2_portrait.png in Resources */,
				B1EDE2533D454A95A2002FD0 /* americano_pic_3_portrait.png in Resources */,
				2FECA193560F4440B704D8FF /* americano_pic_1_square.png in Resources */,
				7396667A78484C0484A13DA1 /* americano_pic_2_square.png in Resources */,
				E07F1D21FFE1474A9679EBC0 /* americano_pic_3_square.png in Resources */,
				B7D58C1AF1B045BDA26FE464 /* arabica_coffee_beans_portrait.png in Resources */,
				85E79102FABE4696BB5022DE /* arabica_coffee_beans_square.png in Resources */,
				2185A8314061444E81CE628B /* black_coffee_pic_1_portrait.png in Resources */,
				0EE7BD31611B4EEAA942AB09 /* black_coffee_pic_2_portrait.png in Resources */,
				E5552AF71BD7405AAA4BFD3E /* black_coffee_pic_3_portrait.png in Resources */,
				645F8A3F75B742EEB8D6A102 /* black_coffee_pic_1_square.png in Resources */,
				BE723D50E1DD49C2999032A6 /* black_coffee_pic_2_square.png in Resources */,
				9ADBA37F012C4C4B848A117A /* black_coffee_pic_3_square.png in Resources */,
				2F213E1CC6364FFEAAA2980A /* cappuccino_pic_1_portrait.png in Resources */,
				F0A79088A56C4BF8AE69DA6B /* cappuccino_pic_2_portrait.png in Resources */,
				5830631EF369424482FCAC0D /* cappuccino_pic_3_portrait.png in Resources */,
				046606E3F4CC411D82859A50 /* cappuccino_pic_1_square.png in Resources */,
				3DD6F3EFE00B4B48B3FE3F51 /* cappuccino_pic_2_square.png in Resources */,
				2B0B850BE18F49F99BAC83B6 /* cappuccino_pic_3_square.png in Resources */,
				60874D8645274FDDA8A1C86C /* espresso_pic_1_portrait.png in Resources */,
				85380117FBF848C484C64860 /* espresso_pic_2_portrait.png in Resources */,
				46BB5A5C4E4844E5987685B1 /* espresso_pic_3_portrait.png in Resources */,
				17C4AEE298AD424DB2ABCA3A /* espresso_pic_1_square.png in Resources */,
				D7648815FCCE445EB54067D0 /* espresso_pic_2_square.png in Resources */,
				B9BA64EFD0C34251A44B11A3 /* espresso_pic_3_square.png in Resources */,
				DBA1632DFE374E41A0ECFFCC /* excelsa_coffee_beans_portrait.png in Resources */,
				08099B17825C4E1ABB46062C /* excelsa_coffee_beans_square.png in Resources */,
				9B81B41270B04EA5B0A05F75 /* latte_pic_1_portrait.png in Resources */,
				8D4E765912244A72925A2F19 /* latte_pic_2_portrait.png in Resources */,
				7695EFA7B021473FA35A8B7B /* latte_pic_3_portrait.png in Resources */,
				C0F6D15F337E4EED8A5962D3 /* latte_pic_1_square.png in Resources */,
				4CB626CB38DE4F9395AB527A /* latte_pic_2_square.png in Resources */,
				675B220BAF54491A82245062 /* latte_pic_3_square.png in Resources */,
				CED66D3EECA84188B9539682 /* liberica_coffee_beans_portrait.png in Resources */,
				90E6885A707B4488AA7BD5DF /* liberica_coffee_beans_square.png in Resources */,
				6B00177F60C84C6CB5B4BD0C /* macchiato_pic_1_portrait.png in Resources */,
				A13A94E57CC64A0F82876FD4 /* macchiato_pic_2_portrait.png in Resources */,
				2771995036494BE1ADE15349 /* macchiato_pic_3_portrait.png in Resources */,
				905FD13D9BA24CD7A1B7ED0C /* macchiato_pic_1_square.png in Resources */,
				D4B78FE0D6314BDC9E3A0238 /* macchiato_pic_2_square.png in Resources */,
				1262EC8D02A9472CB17883F8 /* macchiato_pic_3_square.png in Resources */,
				21D98EF6ABB246FDA9833FAE /* robusta_coffee_beans_portrait.png in Resources */,
				1812A3F689944610A59DE339 /* robusta_coffee_beans_square.png in Resources */,
			);
			runOnlyForDeploymentPostprocessing = 0;
		};
/* End PBXResourcesBuildPhase section */

/* Begin PBXShellScriptBuildPhase section */
		00DD1BFF1BD5951E006B06BC /* Bundle React Native code and images */ = {
			isa = PBXShellScriptBuildPhase;
			buildActionMask = 2147483647;
			files = (
			);
			inputPaths = (
				"$(SRCROOT)/.xcode.env.local",
				"$(SRCROOT)/.xcode.env",
			);
			name = "Bundle React Native code and images";
			outputPaths = (
			);
			runOnlyForDeploymentPostprocessing = 0;
			shellPath = /bin/sh;
			shellScript = "set -e\n\nWITH_ENVIRONMENT=\"../node_modules/react-native/scripts/xcode/with-environment.sh\"\nREACT_NATIVE_XCODE=\"../node_modules/react-native/scripts/react-native-xcode.sh\"\n\n/bin/sh -c \"$WITH_ENVIRONMENT $REACT_NATIVE_XCODE\"\n";
		};
		00EEFC60759A1932668264C0 /* [CP] Embed Pods Frameworks */ = {
			isa = PBXShellScriptBuildPhase;
			buildActionMask = 2147483647;
			files = (
			);
			inputFileListPaths = (
				"${PODS_ROOT}/Target Support Files/Pods-Coffee_Shop_App/Pods-Coffee_Shop_App-frameworks-${CONFIGURATION}-input-files.xcfilelist",
			);
			name = "[CP] Embed Pods Frameworks";
			outputFileListPaths = (
				"${PODS_ROOT}/Target Support Files/Pods-Coffee_Shop_App/Pods-Coffee_Shop_App-frameworks-${CONFIGURATION}-output-files.xcfilelist",
			);
			runOnlyForDeploymentPostprocessing = 0;
			shellPath = /bin/sh;
			shellScript = "\"${PODS_ROOT}/Target Support Files/Pods-Coffee_Shop_App/Pods-Coffee_Shop_App-frameworks.sh\"\n";
			showEnvVarsInLog = 0;
		};
		A55EABD7B0C7F3A422A6CC61 /* [CP] Check Pods Manifest.lock */ = {
			isa = PBXShellScriptBuildPhase;
			buildActionMask = 2147483647;
			files = (
			);
			inputFileListPaths = (
			);
			inputPaths = (
				"${PODS_PODFILE_DIR_PATH}/Podfile.lock",
				"${PODS_ROOT}/Manifest.lock",
			);
			name = "[CP] Check Pods Manifest.lock";
			outputFileListPaths = (
			);
			outputPaths = (
				"$(DERIVED_FILE_DIR)/Pods-Coffee_Shop_App-Coffee_Shop_AppTests-checkManifestLockResult.txt",
			);
			runOnlyForDeploymentPostprocessing = 0;
			shellPath = /bin/sh;
			shellScript = "diff \"${PODS_PODFILE_DIR_PATH}/Podfile.lock\" \"${PODS_ROOT}/Manifest.lock\" > /dev/null\nif [ $? != 0 ] ; then\n    # print error to STDERR\n    echo \"error: The sandbox is not in sync with the Podfile.lock. Run 'pod install' or update your CocoaPods installation.\" >&2\n    exit 1\nfi\n# This output is used by Xcode 'outputs' to avoid re-running this script phase.\necho \"SUCCESS\" > \"${SCRIPT_OUTPUT_FILE_0}\"\n";
			showEnvVarsInLog = 0;
		};
		C38B50BA6285516D6DCD4F65 /* [CP] Check Pods Manifest.lock */ = {
			isa = PBXShellScriptBuildPhase;
			buildActionMask = 2147483647;
			files = (
			);
			inputFileListPaths = (
			);
			inputPaths = (
				"${PODS_PODFILE_DIR_PATH}/Podfile.lock",
				"${PODS_ROOT}/Manifest.lock",
			);
			name = "[CP] Check Pods Manifest.lock";
			outputFileListPaths = (
			);
			outputPaths = (
				"$(DERIVED_FILE_DIR)/Pods-Coffee_Shop_App-checkManifestLockResult.txt",
			);
			runOnlyForDeploymentPostprocessing = 0;
			shellPath = /bin/sh;
			shellScript = "diff \"${PODS_PODFILE_DIR_PATH}/Podfile.lock\" \"${PODS_ROOT}/Manifest.lock\" > /dev/null\nif [ $? != 0 ] ; then\n    # print error to STDERR\n    echo \"error: The sandbox is not in sync with the Podfile.lock. Run 'pod install' or update your CocoaPods installation.\" >&2\n    exit 1\nfi\n# This output is used by Xcode 'outputs' to avoid re-running this script phase.\necho \"SUCCESS\" > \"${SCRIPT_OUTPUT_FILE_0}\"\n";
			showEnvVarsInLog = 0;
		};
		C59DA0FBD6956966B86A3779 /* [CP] Embed Pods Frameworks */ = {
			isa = PBXShellScriptBuildPhase;
			buildActionMask = 2147483647;
			files = (
			);
			inputFileListPaths = (
				"${PODS_ROOT}/Target Support Files/Pods-Coffee_Shop_App-Coffee_Shop_AppTests/Pods-Coffee_Shop_App-Coffee_Shop_AppTests-frameworks-${CONFIGURATION}-input-files.xcfilelist",
			);
			name = "[CP] Embed Pods Frameworks";
			outputFileListPaths = (
				"${PODS_ROOT}/Target Support Files/Pods-Coffee_Shop_App-Coffee_Shop_AppTests/Pods-Coffee_Shop_App-Coffee_Shop_AppTests-frameworks-${CONFIGURATION}-output-files.xcfilelist",
			);
			runOnlyForDeploymentPostprocessing = 0;
			shellPath = /bin/sh;
			shellScript = "\"${PODS_ROOT}/Target Support Files/Pods-Coffee_Shop_App-Coffee_Shop_AppTests/Pods-Coffee_Shop_App-Coffee_Shop_AppTests-frameworks.sh\"\n";
			showEnvVarsInLog = 0;
		};
		E235C05ADACE081382539298 /* [CP] Copy Pods Resources */ = {
			isa = PBXShellScriptBuildPhase;
			buildActionMask = 2147483647;
			files = (
			);
			inputFileListPaths = (
				"${PODS_ROOT}/Target Support Files/Pods-Coffee_Shop_App/Pods-Coffee_Shop_App-resources-${CONFIGURATION}-input-files.xcfilelist",
			);
			name = "[CP] Copy Pods Resources";
			outputFileListPaths = (
				"${PODS_ROOT}/Target Support Files/Pods-Coffee_Shop_App/Pods-Coffee_Shop_App-resources-${CONFIGURATION}-output-files.xcfilelist",
			);
			runOnlyForDeploymentPostprocessing = 0;
			shellPath = /bin/sh;
			shellScript = "\"${PODS_ROOT}/Target Support Files/Pods-Coffee_Shop_App/Pods-Coffee_Shop_App-resources.sh\"\n";
			showEnvVarsInLog = 0;
		};
		F6A41C54EA430FDDC6A6ED99 /* [CP] Copy Pods Resources */ = {
			isa = PBXShellScriptBuildPhase;
			buildActionMask = 2147483647;
			files = (
			);
			inputFileListPaths = (
				"${PODS_ROOT}/Target Support Files/Pods-Coffee_Shop_App-Coffee_Shop_AppTests/Pods-Coffee_Shop_App-Coffee_Shop_AppTests-resources-${CONFIGURATION}-input-files.xcfilelist",
			);
			name = "[CP] Copy Pods Resources";
			outputFileListPaths = (
				"${PODS_ROOT}/Target Support Files/Pods-Coffee_Shop_App-Coffee_Shop_AppTests/Pods-Coffee_Shop_App-Coffee_Shop_AppTests-resources-${CONFIGURATION}-output-files.xcfilelist",
			);
			runOnlyForDeploymentPostprocessing = 0;
			shellPath = /bin/sh;
			shellScript = "\"${PODS_ROOT}/Target Support Files/Pods-Coffee_Shop_App-Coffee_Shop_AppTests/Pods-Coffee_Shop_App-Coffee_Shop_AppTests-resources.sh\"\n";
			showEnvVarsInLog = 0;
		};
		FD10A7F022414F080027D42C /* Start Packager */ = {
			isa = PBXShellScriptBuildPhase;
			buildActionMask = 2147483647;
			files = (
			);
			inputFileListPaths = (
			);
			inputPaths = (
			);
			name = "Start Packager";
			outputFileListPaths = (
			);
			outputPaths = (
			);
			runOnlyForDeploymentPostprocessing = 0;
			shellPath = /bin/sh;
			shellScript = "export RCT_METRO_PORT=\"${RCT_METRO_PORT:=8081}\"\necho \"export RCT_METRO_PORT=${RCT_METRO_PORT}\" > \"${SRCROOT}/../node_modules/react-native/scripts/.packager.env\"\nif [ -z \"${RCT_NO_LAUNCH_PACKAGER+xxx}\" ] ; then\n  if nc -w 5 -z localhost ${RCT_METRO_PORT} ; then\n    if ! curl -s \"http://localhost:${RCT_METRO_PORT}/status\" | grep -q \"packager-status:running\" ; then\n      echo \"Port ${RCT_METRO_PORT} already in use, packager is either not running or not running correctly\"\n      exit 2\n    fi\n  else\n    open \"$SRCROOT/../node_modules/react-native/scripts/launchPackager.command\" || echo \"Can't start packager automatically\"\n  fi\nfi\n";
			showEnvVarsInLog = 0;
		};
/* End PBXShellScriptBuildPhase section */

/* Begin PBXSourcesBuildPhase section */
		00E356EA1AD99517003FC87E /* Sources */ = {
			isa = PBXSourcesBuildPhase;
			buildActionMask = 2147483647;
			files = (
				00E356F31AD99517003FC87E /* Coffee_Shop_AppTests.m in Sources */,
			);
			runOnlyForDeploymentPostprocessing = 0;
		};
		13B07F871A680F5B00A75B9A /* Sources */ = {
			isa = PBXSourcesBuildPhase;
			buildActionMask = 2147483647;
			files = (
				13B07FBC1A68108700A75B9A /* AppDelegate.mm in Sources */,
				13B07FC11A68108700A75B9A /* main.m in Sources */,
			);
			runOnlyForDeploymentPostprocessing = 0;
		};
/* End PBXSourcesBuildPhase section */

/* Begin PBXTargetDependency section */
		00E356F51AD99517003FC87E /* PBXTargetDependency */ = {
			isa = PBXTargetDependency;
			target = 13B07F861A680F5B00A75B9A /* Coffee_Shop_App */;
			targetProxy = 00E356F41AD99517003FC87E /* PBXContainerItemProxy */;
		};
/* End PBXTargetDependency section */

/* Begin XCBuildConfiguration section */
		00E356F61AD99517003FC87E /* Debug */ = {
			isa = XCBuildConfiguration;
			baseConfigurationReference = 5B7EB9410499542E8C5724F5 /* Pods-Coffee_Shop_App-Coffee_Shop_AppTests.debug.xcconfig */;
			buildSettings = {
				BUNDLE_LOADER = "$(TEST_HOST)";
				GCC_PREPROCESSOR_DEFINITIONS = (
					"DEBUG=1",
					"$(inherited)",
				);
				INFOPLIST_FILE = Coffee_Shop_AppTests/Info.plist;
				IPHONEOS_DEPLOYMENT_TARGET = 12.4;
				LD_RUNPATH_SEARCH_PATHS = (
					"$(inherited)",
					"@executable_path/Frameworks",
					"@loader_path/Frameworks",
				);
				OTHER_LDFLAGS = (
					"-ObjC",
					"-lc++",
					"$(inherited)",
				);
				PRODUCT_BUNDLE_IDENTIFIER = "org.reactjs.native.example.$(PRODUCT_NAME:rfc1034identifier)";
				PRODUCT_NAME = "$(TARGET_NAME)";
				TEST_HOST = "$(BUILT_PRODUCTS_DIR)/Coffee_Shop_App.app/Coffee_Shop_App";
			};
			name = Debug;
		};
		00E356F71AD99517003FC87E /* Release */ = {
			isa = XCBuildConfiguration;
			baseConfigurationReference = 89C6BE57DB24E9ADA2F236DE /* Pods-Coffee_Shop_App-Coffee_Shop_AppTests.release.xcconfig */;
			buildSettings = {
				BUNDLE_LOADER = "$(TEST_HOST)";
				COPY_PHASE_STRIP = NO;
				INFOPLIST_FILE = Coffee_Shop_AppTests/Info.plist;
				IPHONEOS_DEPLOYMENT_TARGET = 12.4;
				LD_RUNPATH_SEARCH_PATHS = (
					"$(inherited)",
					"@executable_path/Frameworks",
					"@loader_path/Frameworks",
				);
				OTHER_LDFLAGS = (
					"-ObjC",
					"-lc++",
					"$(inherited)",
				);
				PRODUCT_BUNDLE_IDENTIFIER = "org.reactjs.native.example.$(PRODUCT_NAME:rfc1034identifier)";
				PRODUCT_NAME = "$(TARGET_NAME)";
				TEST_HOST = "$(BUILT_PRODUCTS_DIR)/Coffee_Shop_App.app/Coffee_Shop_App";
			};
			name = Release;
		};
		13B07F941A680F5B00A75B9A /* Debug */ = {
			isa = XCBuildConfiguration;
			baseConfigurationReference = 3B4392A12AC88292D35C810B /* Pods-Coffee_Shop_App.debug.xcconfig */;
			buildSettings = {
				ASSETCATALOG_COMPILER_APPICON_NAME = AppIcon;
				CLANG_ENABLE_MODULES = YES;
				CURRENT_PROJECT_VERSION = 1;
				ENABLE_BITCODE = NO;
				INFOPLIST_FILE = Coffee_Shop_App/Info.plist;
				LD_RUNPATH_SEARCH_PATHS = (
					"$(inherited)",
					"@executable_path/Frameworks",
				);
				MARKETING_VERSION = 1.0;
				OTHER_LDFLAGS = (
					"$(inherited)",
					"-ObjC",
					"-lc++",
				);
				PRODUCT_BUNDLE_IDENTIFIER = "org.reactjs.native.example.$(PRODUCT_NAME:rfc1034identifier)";
				PRODUCT_NAME = Coffee_Shop_App;
				SWIFT_OPTIMIZATION_LEVEL = "-Onone";
				SWIFT_VERSION = 5.0;
				VERSIONING_SYSTEM = "apple-generic";
			};
			name = Debug;
		};
		13B07F951A680F5B00A75B9A /* Release */ = {
			isa = XCBuildConfiguration;
			baseConfigurationReference = 5709B34CF0A7D63546082F79 /* Pods-Coffee_Shop_App.release.xcconfig */;
			buildSettings = {
				ASSETCATALOG_COMPILER_APPICON_NAME = AppIcon;
				CLANG_ENABLE_MODULES = YES;
				CURRENT_PROJECT_VERSION = 1;
				INFOPLIST_FILE = Coffee_Shop_App/Info.plist;
				LD_RUNPATH_SEARCH_PATHS = (
					"$(inherited)",
					"@executable_path/Frameworks",
				);
				MARKETING_VERSION = 1.0;
				OTHER_LDFLAGS = (
					"$(inherited)",
					"-ObjC",
					"-lc++",
				);
				PRODUCT_BUNDLE_IDENTIFIER = "org.reactjs.native.example.$(PRODUCT_NAME:rfc1034identifier)";
				PRODUCT_NAME = Coffee_Shop_App;
				SWIFT_VERSION = 5.0;
				VERSIONING_SYSTEM = "apple-generic";
			};
			name = Release;
		};
		83CBBA201A601CBA00E9B192 /* Debug */ = {
			isa = XCBuildConfiguration;
			buildSettings = {
				ALWAYS_SEARCH_USER_PATHS = NO;
				CLANG_ANALYZER_LOCALIZABILITY_NONLOCALIZED = YES;
				CLANG_CXX_LANGUAGE_STANDARD = "c++17";
				CLANG_CXX_LIBRARY = "libc++";
				CLANG_ENABLE_MODULES = YES;
				CLANG_ENABLE_OBJC_ARC = YES;
				CLANG_WARN_BLOCK_CAPTURE_AUTORELEASING = YES;
				CLANG_WARN_BOOL_CONVERSION = YES;
				CLANG_WARN_COMMA = YES;
				CLANG_WARN_CONSTANT_CONVERSION = YES;
				CLANG_WARN_DEPRECATED_OBJC_IMPLEMENTATIONS = YES;
				CLANG_WARN_DIRECT_OBJC_ISA_USAGE = YES_ERROR;
				CLANG_WARN_EMPTY_BODY = YES;
				CLANG_WARN_ENUM_CONVERSION = YES;
				CLANG_WARN_INFINITE_RECURSION = YES;
				CLANG_WARN_INT_CONVERSION = YES;
				CLANG_WARN_NON_LITERAL_NULL_CONVERSION = YES;
				CLANG_WARN_OBJC_IMPLICIT_RETAIN_SELF = YES;
				CLANG_WARN_OBJC_LITERAL_CONVERSION = YES;
				CLANG_WARN_OBJC_ROOT_CLASS = YES_ERROR;
				CLANG_WARN_QUOTED_INCLUDE_IN_FRAMEWORK_HEADER = YES;
				CLANG_WARN_RANGE_LOOP_ANALYSIS = YES;
				CLANG_WARN_STRICT_PROTOTYPES = YES;
				CLANG_WARN_SUSPICIOUS_MOVE = YES;
				CLANG_WARN_UNREACHABLE_CODE = YES;
				CLANG_WARN__DUPLICATE_METHOD_MATCH = YES;
				"CODE_SIGN_IDENTITY[sdk=iphoneos*]" = "iPhone Developer";
				COPY_PHASE_STRIP = NO;
				ENABLE_STRICT_OBJC_MSGSEND = YES;
				ENABLE_TESTABILITY = YES;
				"EXCLUDED_ARCHS[sdk=iphonesimulator*]" = "";
				GCC_C_LANGUAGE_STANDARD = gnu99;
				GCC_DYNAMIC_NO_PIC = NO;
				GCC_NO_COMMON_BLOCKS = YES;
				GCC_OPTIMIZATION_LEVEL = 0;
				GCC_PREPROCESSOR_DEFINITIONS = (
					"DEBUG=1",
					"$(inherited)",
				);
				GCC_SYMBOLS_PRIVATE_EXTERN = NO;
				GCC_WARN_64_TO_32_BIT_CONVERSION = YES;
				GCC_WARN_ABOUT_RETURN_TYPE = YES_ERROR;
				GCC_WARN_UNDECLARED_SELECTOR = YES;
				GCC_WARN_UNINITIALIZED_AUTOS = YES_AGGRESSIVE;
				GCC_WARN_UNUSED_FUNCTION = YES;
				GCC_WARN_UNUSED_VARIABLE = YES;
				IPHONEOS_DEPLOYMENT_TARGET = 12.4;
				LD_RUNPATH_SEARCH_PATHS = (
					/usr/lib/swift,
					"$(inherited)",
				);
				LIBRARY_SEARCH_PATHS = (
					"\"$(SDKROOT)/usr/lib/swift\"",
					"\"$(TOOLCHAIN_DIR)/usr/lib/swift/$(PLATFORM_NAME)\"",
					"\"$(inherited)\"",
				);
				MTL_ENABLE_DEBUG_INFO = YES;
				ONLY_ACTIVE_ARCH = YES;
				OTHER_CPLUSPLUSFLAGS = (
					"$(OTHER_CFLAGS)",
					"-DFOLLY_NO_CONFIG",
					"-DFOLLY_MOBILE=1",
					"-DFOLLY_USE_LIBCPP=1",
				);
				SDKROOT = iphoneos;
			};
			name = Debug;
		};
		83CBBA211A601CBA00E9B192 /* Release */ = {
			isa = XCBuildConfiguration;
			buildSettings = {
				ALWAYS_SEARCH_USER_PATHS = NO;
				CLANG_ANALYZER_LOCALIZABILITY_NONLOCALIZED = YES;
				CLANG_CXX_LANGUAGE_STANDARD = "c++17";
				CLANG_CXX_LIBRARY = "libc++";
				CLANG_ENABLE_MODULES = YES;
				CLANG_ENABLE_OBJC_ARC = YES;
				CLANG_WARN_BLOCK_CAPTURE_AUTORELEASING = YES;
				CLANG_WARN_BOOL_CONVERSION = YES;
				CLANG_WARN_COMMA = YES;
				CLANG_WARN_CONSTANT_CONVERSION = YES;
				CLANG_WARN_DEPRECATED_OBJC_IMPLEMENTATIONS = YES;
				CLANG_WARN_DIRECT_OBJC_ISA_USAGE = YES_ERROR;
				CLANG_WARN_EMPTY_BODY = YES;
				CLANG_WARN_ENUM_CONVERSION = YES;
				CLANG_WARN_INFINITE_RECURSION = YES;
				CLANG_WARN_INT_CONVERSION = YES;
				CLANG_WARN_NON_LITERAL_NULL_CONVERSION = YES;
				CLANG_WARN_OBJC_IMPLICIT_RETAIN_SELF = YES;
				CLANG_WARN_OBJC_LITERAL_CONVERSION = YES;
				CLANG_WARN_OBJC_ROOT_CLASS = YES_ERROR;
				CLANG_WARN_QUOTED_INCLUDE_IN_FRAMEWORK_HEADER = YES;
				CLANG_WARN_RANGE_LOOP_ANALYSIS = YES;
				CLANG_WARN_STRICT_PROTOTYPES = YES;
				CLANG_WARN_SUSPICIOUS_MOVE = YES;
				CLANG_WARN_UNREACHABLE_CODE = YES;
				CLANG_WARN__DUPLICATE_METHOD_MATCH = YES;
				"CODE_SIGN_IDENTITY[sdk=iphoneos*]" = "iPhone Developer";
				COPY_PHASE_STRIP = YES;
				ENABLE_NS_ASSERTIONS = NO;
				ENABLE_STRICT_OBJC_MSGSEND = YES;
				"EXCLUDED_ARCHS[sdk=iphonesimulator*]" = "";
				GCC_C_LANGUAGE_STANDARD = gnu99;
				GCC_NO_COMMON_BLOCKS = YES;
				GCC_WARN_64_TO_32_BIT_CONVERSION = YES;
				GCC_WARN_ABOUT_RETURN_TYPE = YES_ERROR;
				GCC_WARN_UNDECLARED_SELECTOR = YES;
				GCC_WARN_UNINITIALIZED_AUTOS = YES_AGGRESSIVE;
				GCC_WARN_UNUSED_FUNCTION = YES;
				GCC_WARN_UNUSED_VARIABLE = YES;
				IPHONEOS_DEPLOYMENT_TARGET = 12.4;
				LD_RUNPATH_SEARCH_PATHS = (
					/usr/lib/swift,
					"$(inherited)",
				);
				LIBRARY_SEARCH_PATHS = (
					"\"$(SDKROOT)/usr/lib/swift\"",
					"\"$(TOOLCHAIN_DIR)/usr/lib/swift/$(PLATFORM_NAME)\"",
					"\"$(inherited)\"",
				);
				MTL_ENABLE_DEBUG_INFO = NO;
				OTHER_CPLUSPLUSFLAGS = (
					"$(OTHER_CFLAGS)",
					"-DFOLLY_NO_CONFIG",
					"-DFOLLY_MOBILE=1",
					"-DFOLLY_USE_LIBCPP=1",
				);
				SDKROOT = iphoneos;
				VALIDATE_PRODUCT = YES;
			};
			name = Release;
		};
/* End XCBuildConfiguration section */

/* Begin XCConfigurationList section */
		00E357021AD99517003FC87E /* Build configuration list for PBXNativeTarget "Coffee_Shop_AppTests" */ = {
			isa = XCConfigurationList;
			buildConfigurations = (
				00E356F61AD99517003FC87E /* Debug */,
				00E356F71AD99517003FC87E /* Release */,
			);
			defaultConfigurationIsVisible = 0;
			defaultConfigurationName = Release;
		};
		13B07F931A680F5B00A75B9A /* Build configuration list for PBXNativeTarget "Coffee_Shop_App" */ = {
			isa = XCConfigurationList;
			buildConfigurations = (
				13B07F941A680F5B00A75B9A /* Debug */,
				13B07F951A680F5B00A75B9A /* Release */,
			);
			defaultConfigurationIsVisible = 0;
			defaultConfigurationName = Release;
		};
		83CBB9FA1A601CBA00E9B192 /* Build configuration list for PBXProject "Coffee_Shop_App" */ = {
			isa = XCConfigurationList;
			buildConfigurations = (
				83CBBA201A601CBA00E9B192 /* Debug */,
				83CBBA211A601CBA00E9B192 /* Release */,
			);
			defaultConfigurationIsVisible = 0;
			defaultConfigurationName = Release;
		};
/* End XCConfigurationList section */
	};
	rootObject = 83CBB9F71A601CBA00E9B192 /* Project object */;
}
